
Microsoft Visual Studio Solution File, Format Version 12.00
# Visual Studio Version 17
VisualStudioVersion = 17.7.34003.232
MinimumVisualStudioVersion = 10.0.40219.1
Project("{FAE04EC0-301F-11D3-BF4B-00C04F79EFBC}") = "EmployeeOOP", "EmployeeOOP\EmployeeOOP.csproj", "{BAD1C6B6-A609-4793-B190-5E7B0EF746C1}"
EndProject
Global
	GlobalSection(SolutionConfigurationPlatforms) = preSolution
		Debug|Any CPU = Debug|Any CPU
		Release|Any CPU = Release|Any CPU
	EndGlobalSection
	GlobalSection(ProjectConfigurationPlatforms) = postSolution
		{BAD1C6B6-A609-4793-B190-5E7B0EF746C1}.Debug|Any CPU.ActiveCfg = Debug|Any CPU
		{BAD1C6B6-A609-4793-B190-5E7B0EF746C1}.Debug|Any CPU.Build.0 = Debug|Any CPU
		{BAD1C6B6-A609-4793-B190-5E7B0EF746C1}.Release|Any CPU.ActiveCfg = Release|Any CPU
		{BAD1C6B6-A609-4793-B190-5E7B0EF746C1}.Release|Any CPU.Build.0 = Release|Any CPU
	EndGlobalSection
	GlobalSection(SolutionProperties) = preSolution
		HideSolutionNode = FALSE
	EndGlobalSection
	GlobalSection(ExtensibilityGlobals) = postSolution
		SolutionGuid = {2096DBCB-89A7-4638-9FD0-912F9423A228}
	EndGlobalSection
EndGlobal
